
Microsoft Visual Studio Solution File, Format Version 12.00
# Visual Studio Version 16
VisualStudioVersion = 16.0.30225.117
MinimumVisualStudioVersion = 10.0.40219.1
Project("{9A19103F-16F7-4668-BE54-9A1E7A4F7556}") = "Entities", "Entities\Entities.csproj", "{EFB52074-6114-4784-B4CB-98182E110629}"
EndProject
Project("{9A19103F-16F7-4668-BE54-9A1E7A4F7556}") = "DataAccess", "DataAccess\DataAccess.csproj", "{3A7A9724-474E-4FD9-A88A-671ABE23E08F}"
EndProject
Project("{9A19103F-16F7-4668-BE54-9A1E7A4F7556}") = "Business", "Business\Business.csproj", "{57DF527D-5AD1-4260-9AEB-870EAE9FA260}"
EndProject
Project("{9A19103F-16F7-4668-BE54-9A1E7A4F7556}") = "Core", "Core\Core.csproj", "{2F6E5766-96BF-4EED-A51B-4EC6C32022F6}"
EndProject
Project("{9A19103F-16F7-4668-BE54-9A1E7A4F7556}") = "WebAPI", "WebAPI\WebAPI.csproj", "{35EF1FDF-6560-45F8-97DC-5E382D1F0E31}"
EndProject
Project("{9A19103F-16F7-4668-BE54-9A1E7A4F7556}") = "BackgroundJob", "BackgroundJob\BackgroundJob.csproj", "{20B4DE08-9912-4156-A856-B26E14D6D01E}"
EndProject
Project("{FAE04EC0-301F-11D3-BF4B-00C04F79EFBC}") = "MVC", "MVC\MVC.csproj", "{46A88810-5BD8-41A0-9C07-39CD30B17F41}"
EndProject
Global
	GlobalSection(SolutionConfigurationPlatforms) = preSolution
		Debug|Any CPU = Debug|Any CPU
		Release|Any CPU = Release|Any CPU
	EndGlobalSection
	GlobalSection(ProjectConfigurationPlatforms) = postSolution
		{EFB52074-6114-4784-B4CB-98182E110629}.Debug|Any CPU.ActiveCfg = Debug|Any CPU
		{EFB52074-6114-4784-B4CB-98182E110629}.Debug|Any CPU.Build.0 = Debug|Any CPU
		{EFB52074-6114-4784-B4CB-98182E110629}.Release|Any CPU.ActiveCfg = Release|Any CPU
		{EFB52074-6114-4784-B4CB-98182E110629}.Release|Any CPU.Build.0 = Release|Any CPU
		{3A7A9724-474E-4FD9-A88A-671ABE23E08F}.Debug|Any CPU.ActiveCfg = Debug|Any CPU
		{3A7A9724-474E-4FD9-A88A-671ABE23E08F}.Debug|Any CPU.Build.0 = Debug|Any CPU
		{3A7A9724-474E-4FD9-A88A-671ABE23E08F}.Release|Any CPU.ActiveCfg = Release|Any CPU
		{3A7A9724-474E-4FD9-A88A-671ABE23E08F}.Release|Any CPU.Build.0 = Release|Any CPU
		{57DF527D-5AD1-4260-9AEB-870EAE9FA260}.Debug|Any CPU.ActiveCfg = Debug|Any CPU
		{57DF527D-5AD1-4260-9AEB-870EAE9FA260}.Debug|Any CPU.Build.0 = Debug|Any CPU
		{57DF527D-5AD1-4260-9AEB-870EAE9FA260}.Release|Any CPU.ActiveCfg = Release|Any CPU
		{57DF527D-5AD1-4260-9AEB-870EAE9FA260}.Release|Any CPU.Build.0 = Release|Any CPU
		{2F6E5766-96BF-4EED-A51B-4EC6C32022F6}.Debug|Any CPU.ActiveCfg = Debug|Any CPU
		{2F6E5766-96BF-4EED-A51B-4EC6C32022F6}.Debug|Any CPU.Build.0 = Debug|Any CPU
		{2F6E5766-96BF-4EED-A51B-4EC6C32022F6}.Release|Any CPU.ActiveCfg = Release|Any CPU
		{2F6E5766-96BF-4EED-A51B-4EC6C32022F6}.Release|Any CPU.Build.0 = Release|Any CPU
		{35EF1FDF-6560-45F8-97DC-5E382D1F0E31}.Debug|Any CPU.ActiveCfg = Debug|Any CPU
		{35EF1FDF-6560-45F8-97DC-5E382D1F0E31}.Debug|Any CPU.Build.0 = Debug|Any CPU
		{35EF1FDF-6560-45F8-97DC-5E382D1F0E31}.Release|Any CPU.ActiveCfg = Release|Any CPU
		{35EF1FDF-6560-45F8-97DC-5E382D1F0E31}.Release|Any CPU.Build.0 = Release|Any CPU
		{20B4DE08-9912-4156-A856-B26E14D6D01E}.Debug|Any CPU.ActiveCfg = Debug|Any CPU
		{20B4DE08-9912-4156-A856-B26E14D6D01E}.Debug|Any CPU.Build.0 = Debug|Any CPU
		{20B4DE08-9912-4156-A856-B26E14D6D01E}.Release|Any CPU.ActiveCfg = Release|Any CPU
		{20B4DE08-9912-4156-A856-B26E14D6D01E}.Release|Any CPU.Build.0 = Release|Any CPU
		{46A88810-5BD8-41A0-9C07-39CD30B17F41}.Debug|Any CPU.ActiveCfg = Debug|Any CPU
		{46A88810-5BD8-41A0-9C07-39CD30B17F41}.Debug|Any CPU.Build.0 = Debug|Any CPU
		{46A88810-5BD8-41A0-9C07-39CD30B17F41}.Release|Any CPU.ActiveCfg = Release|Any CPU
		{46A88810-5BD8-41A0-9C07-39CD30B17F41}.Release|Any CPU.Build.0 = Release|Any CPU
	EndGlobalSection
	GlobalSection(SolutionProperties) = preSolution
		HideSolutionNode = FALSE
	EndGlobalSection
	GlobalSection(ExtensibilityGlobals) = postSolution
		SolutionGuid = {0E1BAA3C-BA34-4799-AE94-49EE1988FC73}
	EndGlobalSection
EndGlobal
