
Microsoft Visual Studio Solution File, Format Version 12.00
# Visual Studio Version 16
VisualStudioVersion = 16.0.30225.117
MinimumVisualStudioVersion = 10.0.40219.1
Project("{9A19103F-16F7-4668-BE54-9A1E7A4F7556}") = "Entities", "Entities\Entities.csproj", "{3477C2C1-7ECA-48D7-B16E-26641C877EDC}"
EndProject
Project("{9A19103F-16F7-4668-BE54-9A1E7A4F7556}") = "DataAccess", "Repository\DataAccess.csproj", "{5CDE01CF-6000-43A3-BE12-B35D991D8C35}"
EndProject
Project("{9A19103F-16F7-4668-BE54-9A1E7A4F7556}") = "Business", "Business\Business.csproj", "{0F09DE98-790E-4319-9768-5C257FF988C8}"
EndProject
Project("{9A19103F-16F7-4668-BE54-9A1E7A4F7556}") = "Core", "Core\Core.csproj", "{3A95D953-E742-4B23-8B44-349A59B29E77}"
EndProject
Project("{9A19103F-16F7-4668-BE54-9A1E7A4F7556}") = "AspNetCoreLoggerWebAPI", "AspNetCoreLoggerWebAPI\AspNetCoreLoggerWebAPI.csproj", "{997C3213-C543-47F8-B7EC-0210F7BA4D7F}"
EndProject
Global
	GlobalSection(SolutionConfigurationPlatforms) = preSolution
		Debug|Any CPU = Debug|Any CPU
		Release|Any CPU = Release|Any CPU
	EndGlobalSection
	GlobalSection(ProjectConfigurationPlatforms) = postSolution
		{3477C2C1-7ECA-48D7-B16E-26641C877EDC}.Debug|Any CPU.ActiveCfg = Debug|Any CPU
		{3477C2C1-7ECA-48D7-B16E-26641C877EDC}.Debug|Any CPU.Build.0 = Debug|Any CPU
		{3477C2C1-7ECA-48D7-B16E-26641C877EDC}.Release|Any CPU.ActiveCfg = Release|Any CPU
		{3477C2C1-7ECA-48D7-B16E-26641C877EDC}.Release|Any CPU.Build.0 = Release|Any CPU
		{5CDE01CF-6000-43A3-BE12-B35D991D8C35}.Debug|Any CPU.ActiveCfg = Debug|Any CPU
		{5CDE01CF-6000-43A3-BE12-B35D991D8C35}.Debug|Any CPU.Build.0 = Debug|Any CPU
		{5CDE01CF-6000-43A3-BE12-B35D991D8C35}.Release|Any CPU.ActiveCfg = Release|Any CPU
		{5CDE01CF-6000-43A3-BE12-B35D991D8C35}.Release|Any CPU.Build.0 = Release|Any CPU
		{0F09DE98-790E-4319-9768-5C257FF988C8}.Debug|Any CPU.ActiveCfg = Debug|Any CPU
		{0F09DE98-790E-4319-9768-5C257FF988C8}.Debug|Any CPU.Build.0 = Debug|Any CPU
		{0F09DE98-790E-4319-9768-5C257FF988C8}.Release|Any CPU.ActiveCfg = Release|Any CPU
		{0F09DE98-790E-4319-9768-5C257FF988C8}.Release|Any CPU.Build.0 = Release|Any CPU
		{3A95D953-E742-4B23-8B44-349A59B29E77}.Debug|Any CPU.ActiveCfg = Debug|Any CPU
		{3A95D953-E742-4B23-8B44-349A59B29E77}.Debug|Any CPU.Build.0 = Debug|Any CPU
		{3A95D953-E742-4B23-8B44-349A59B29E77}.Release|Any CPU.ActiveCfg = Release|Any CPU
		{3A95D953-E742-4B23-8B44-349A59B29E77}.Release|Any CPU.Build.0 = Release|Any CPU
		{997C3213-C543-47F8-B7EC-0210F7BA4D7F}.Debug|Any CPU.ActiveCfg = Debug|Any CPU
		{997C3213-C543-47F8-B7EC-0210F7BA4D7F}.Debug|Any CPU.Build.0 = Debug|Any CPU
		{997C3213-C543-47F8-B7EC-0210F7BA4D7F}.Release|Any CPU.ActiveCfg = Release|Any CPU
		{997C3213-C543-47F8-B7EC-0210F7BA4D7F}.Release|Any CPU.Build.0 = Release|Any CPU
	EndGlobalSection
	GlobalSection(SolutionProperties) = preSolution
		HideSolutionNode = FALSE
	EndGlobalSection
	GlobalSection(ExtensibilityGlobals) = postSolution
		SolutionGuid = {B7B689E2-5C3A-46B2-9A8F-7BA8B0DFC68D}
	EndGlobalSection
EndGlobal
